# This file is automatically @generated by Cargo.
# It is not intended for manual editing.
version = 4

[[package]]
name = "aid"
version = "0.1.0"
dependencies = [
 "platform-contracts",
]

[[package]]
name = "browserd"
version = "0.1.0"
dependencies = [
 "platform-contracts",
]

[[package]]
name = "compatd"
version = "0.1.0"
dependencies = [
 "platform-contracts",
]

[[package]]
name = "fsd"
version = "0.1.0"
dependencies = [
 "platform-contracts",
]

[[package]]
name = "platform-contracts"
version = "0.1.0"

[[package]]
name = "regd"
version = "0.1.0"
dependencies = [
 "platform-contracts",
]

[[package]]
name = "shelld"
version = "0.1.0"
dependencies = [
 "platform-contracts",
]

[[package]]
name = "updated"
version = "0.1.0"
dependencies = [
 "platform-contracts",
]
